// !$*UTF8*$!
{
	archiveVersion = 1;
	classes = {
	};
	objectVersion = 46;
	objects = {

/* Begin PBXBuildFile section */
		3C5D379A1E90941B0054DC9D /* main.cpp in Sources */ = {isa = PBXBuildFile; fileRef = 3C5D37991E90941B0054DC9D /* main.cpp */; };
		3C5D37A21E90945F0054DC9D /* People.cpp in Sources */ = {isa = PBXBuildFile; fileRef = 3C5D37A01E90945F0054DC9D /* People.cpp */; };
		3C5D37A51E9096EB0054DC9D /* Man.cpp in Sources */ = {isa = PBXBuildFile; fileRef = 3C5D37A31E9096EB0054DC9D /* Man.cpp */; };
/* End PBXBuildFile section */

/* Begin PBXCopyFilesBuildPhase section */
		3C5D37941E90941B0054DC9D /* CopyFiles */ = {
			isa = PBXCopyFilesBuildPhase;
			buildActionMask = 2147483647;
			dstPath = /usr/share/man/man1/;
			dstSubfolderSpec = 0;
			files = (
			);
			runOnlyForDeploymentPostprocessing = 1;
		};
/* End PBXCopyFilesBuildPhase section */

/* Begin PBXFileReference section */
		3C5D37961E90941B0054DC9D /* CPPL3 */ = {isa = PBXFileReference; explicitFileType = "compiled.mach-o.executable"; includeInIndex = 0; path = CPPL3; sourceTree = BUILT_PRODUCTS_DIR; };
		3C5D37991E90941B0054DC9D /* main.cpp */ = {isa = PBXFileReference; lastKnownFileType = sourcecode.cpp.cpp; path = main.cpp; sourceTree = "<group>"; };
		3C5D37A01E90945F0054DC9D /* People.cpp */ = {isa = PBXFileReference; fileEncoding = 4; lastKnownFileType = sourcecode.cpp.cpp; path = People.cpp; sourceTree = "<group>"; };
		3C5D37A11E90945F0054DC9D /* People.hpp */ = {isa = PBXFileReference; fileEncoding = 4; lastKnownFileType = sourcecode.cpp.h; path = People.hpp; sourceTree = "<group>"; };
		3C5D37A31E9096EB0054DC9D /* Man.cpp */ = {isa = PBXFileReference; fileEncoding = 4; lastKnownFileType = sourcecode.cpp.cpp; path = Man.cpp; sourceTree = "<group>"; };
		3C5D37A41E9096EB0054DC9D /* Man.hpp */ = {isa = PBXFileReference; fileEncoding = 4; lastKnownFileType = sourcecode.cpp.h; path = Man.hpp; sourceTree = "<group>"; };
/* End PBXFileReference section */

/* Begin PBXFrameworksBuildPhase section */
		3C5D37931E90941B0054DC9D /* Frameworks */ = {
			isa = PBXFrameworksBuildPhase;
			buildActionMask = 2147483647;
			files = (
			);
			runOnlyForDeploymentPostprocessing = 0;
		};
/* End PBXFrameworksBuildPhase section */

/* Begin PBXGroup section */
		3C5D378D1E90941B0054DC9D = {
			isa = PBXGroup;
			children = (
				3C5D37981E90941B0054DC9D /* CPPL3 */,
				3C5D37971E90941B0054DC9D /* Products */,
			);
			sourceTree = "<group>";
		};
		3C5D37971E90941B0054DC9D /* Products */ = {
			isa = PBXGroup;
			children = (
				3C5D37961E90941B0054DC9D /* CPPL3 */,
			);
			name = Products;
			sourceTree = "<group>";
		};
		3C5D37981E90941B0054DC9D /* CPPL3 */ = {
			isa = PBXGroup;
			children = (
				3C5D37991E90941B0054DC9D /* main.cpp */,
				3C5D37A01E90945F0054DC9D /* People.cpp */,
				3C5D37A11E90945F0054DC9D /* People.hpp */,
				3C5D37A31E9096EB0054DC9D /* Man.cpp */,
				3C5D37A41E9096EB0054DC9D /* Man.hpp */,
			);
			path = CPPL3;
			sourceTree = "<group>";
		};
/* End PBXGroup section */

/* Begin PBXNativeTarget section */
		3C5D37951E90941B0054DC9D /* CPPL3 */ = {
			isa = PBXNativeTarget;
			buildConfigurationList = 3C5D379D1E90941B0054DC9D /* Build configuration list for PBXNativeTarget "CPPL3" */;
			buildPhases = (
				3C5D37921E90941B0054DC9D /* Sources */,
				3C5D37931E90941B0054DC9D /* Frameworks */,
				3C5D37941E90941B0054DC9D /* CopyFiles */,
			);
			buildRules = (
			);
			dependencies = (
			);
			name = CPPL3;
			productName = CPPL3;
			productReference = 3C5D37961E90941B0054DC9D /* CPPL3 */;
			productType = "com.apple.product-type.tool";
		};
/* End PBXNativeTarget section */

/* Begin PBXProject section */
		3C5D378E1E90941B0054DC9D /* Project object */ = {
			isa = PBXProject;
			attributes = {
				LastUpgradeCheck = 0820;
				ORGANIZATIONNAME = "Yvan Feng";
				TargetAttributes = {
					3C5D37951E90941B0054DC9D = {
						CreatedOnToolsVersion = 8.2.1;
						ProvisioningStyle = Automatic;
					};
				};
			};
			buildConfigurationList = 3C5D37911E90941B0054DC9D /* Build configuration list for PBXProject "CPPL3" */;
			compatibilityVersion = "Xcode 3.2";
			developmentRegion = English;
			hasScannedForEncodings = 0;
			knownRegions = (
				en,
			);
			mainGroup = 3C5D378D1E90941B0054DC9D;
			productRefGroup = 3C5D37971E90941B0054DC9D /* Products */;
			projectDirPath = "";
			projectRoot = "";
			targets = (
				3C5D37951E90941B0054DC9D /* CPPL3 */,
			);
		};
/* End PBXProject section */

/* Begin PBXSourcesBuildPhase section */
		3C5D37921E90941B0054DC9D /* Sources */ = {
			isa = PBXSourcesBuildPhase;
			buildActionMask = 2147483647;
			files = (
				3C5D37A51E9096EB0054DC9D /* Man.cpp in Sources */,
				3C5D37A21E90945F0054DC9D /* People.cpp in Sources */,
				3C5D379A1E90941B0054DC9D /* main.cpp in Sources */,
			);
			runOnlyForDeploymentPostprocessing = 0;
		};
/* End PBXSourcesBuildPhase section */

/* Begin XCBuildConfiguration section */
		3C5D379B1E90941B0054DC9D /* Debug */ = {
			isa = XCBuildConfiguration;
			buildSettings = {
				ALWAYS_SEARCH_USER_PATHS = NO;
				CLANG_ANALYZER_NONNULL = YES;
				CLANG_CXX_LANGUAGE_STANDARD = "gnu++0x";
				CLANG_CXX_LIBRARY = "libc++";
				CLANG_ENABLE_MODULES = YES;
				CLANG_ENABLE_OBJC_ARC = YES;
				CLANG_WARN_BOOL_CONVERSION = YES;
				CLANG_WARN_CONSTANT_CONVERSION = YES;
				CLANG_WARN_DIRECT_OBJC_ISA_USAGE = YES_ERROR;
				CLANG_WARN_DOCUMENTATION_COMMENTS = YES;
				CLANG_WARN_EMPTY_BODY = YES;
				CLANG_WARN_ENUM_CONVERSION = YES;
				CLANG_WARN_INFINITE_RECURSION = YES;
				CLANG_WARN_INT_CONVERSION = YES;
				CLANG_WARN_OBJC_ROOT_CLASS = YES_ERROR;
				CLANG_WARN_SUSPICIOUS_MOVE = YES;
				CLANG_WARN_UNREACHABLE_CODE = YES;
				CLANG_WARN__DUPLICATE_METHOD_MATCH = YES;
				CODE_SIGN_IDENTITY = "-";
				COPY_PHASE_STRIP = NO;
				DEBUG_INFORMATION_FORMAT = dwarf;
				ENABLE_STRICT_OBJC_MSGSEND = YES;
				ENABLE_TESTABILITY = YES;
				GCC_C_LANGUAGE_STANDARD = gnu99;
				GCC_DYNAMIC_NO_PIC = NO;
				GCC_NO_COMMON_BLOCKS = YES;
				GCC_OPTIMIZATION_LEVEL = 0;
				GCC_PREPROCESSOR_DEFINITIONS = (
					"DEBUG=1",
					"$(inherited)",
				);
				GCC_WARN_64_TO_32_BIT_CONVERSION = YES;
				GCC_WARN_ABOUT_RETURN_TYPE = YES_ERROR;
				GCC_WARN_UNDECLARED_SELECTOR = YES;
				GCC_WARN_UNINITIALIZED_AUTOS = YES_AGGRESSIVE;
				GCC_WARN_UNUSED_FUNCTION = YES;
				GCC_WARN_UNUSED_VARIABLE = YES;
				MACOSX_DEPLOYMENT_TARGET = 10.11;
				MTL_ENABLE_DEBUG_INFO = YES;
				ONLY_ACTIVE_ARCH = YES;
				SDKROOT = macosx;
			};
			name = Debug;
		};
		3C5D379C1E90941B0054DC9D /* Release */ = {
			isa = XCBuildConfiguration;
			buildSettings = {
				ALWAYS_SEARCH_USER_PATHS = NO;
				CLANG_ANALYZER_NONNULL = YES;
				CLANG_CXX_LANGUAGE_STANDARD = "gnu++0x";
				CLANG_CXX_LIBRARY = "libc++";
				CLANG_ENABLE_MODULES = YES;
				CLANG_ENABLE_OBJC_ARC = YES;
				CLANG_WARN_BOOL_CONVERSION = YES;
				CLANG_WARN_CONSTANT_CONVERSION = YES;
				CLANG_WARN_DIRECT_OBJC_ISA_USAGE = YES_ERROR;
				CLANG_WARN_DOCUMENTATION_COMMENTS = YES;
				CLANG_WARN_EMPTY_BODY = YES;
				CLANG_WARN_ENUM_CONVERSION = YES;
				CLANG_WARN_INFINITE_RECURSION = YES;
				CLANG_WARN_INT_CONVERSION = YES;
				CLANG_WARN_OBJC_ROOT_CLASS = YES_ERROR;
				CLANG_WARN_SUSPICIOUS_MOVE = YES;
				CLANG_WARN_UNREACHABLE_CODE = YES;
				CLANG_WARN__DUPLICATE_METHOD_MATCH = YES;
				CODE_SIGN_IDENTITY = "-";
				COPY_PHASE_STRIP = NO;
				DEBUG_INFORMATION_FORMAT = "dwarf-with-dsym";
				ENABLE_NS_ASSERTIONS = NO;
				ENABLE_STRICT_OBJC_MSGSEND = YES;
				GCC_C_LANGUAGE_STANDARD = gnu99;
				GCC_NO_COMMON_BLOCKS = YES;
				GCC_WARN_64_TO_32_BIT_CONVERSION = YES;
				GCC_WARN_ABOUT_RETURN_TYPE = YES_ERROR;
				GCC_WARN_UNDECLARED_SELECTOR = YES;
				GCC_WARN_UNINITIALIZED_AUTOS = YES_AGGRESSIVE;
				GCC_WARN_UNUSED_FUNCTION = YES;
				GCC_WARN_UNUSED_VARIABLE = YES;
				MACOSX_DEPLOYMENT_TARGET = 10.11;
				MTL_ENABLE_DEBUG_INFO = NO;
				SDKROOT = macosx;
			};
			name = Release;
		};
		3C5D379E1E90941B0054DC9D /* Debug */ = {
			isa = XCBuildConfiguration;
			buildSettings = {
				PRODUCT_NAME = "$(TARGET_NAME)";
			};
			name = Debug;
		};
		3C5D379F1E90941B0054DC9D /* Release */ = {
			isa = XCBuildConfiguration;
			buildSettings = {
				PRODUCT_NAME = "$(TARGET_NAME)";
			};
			name = Release;
		};
/* End XCBuildConfiguration section */

/* Begin XCConfigurationList section */
		3C5D37911E90941B0054DC9D /* Build configuration list for PBXProject "CPPL3" */ = {
			isa = XCConfigurationList;
			buildConfigurations = (
				3C5D379B1E90941B0054DC9D /* Debug */,
				3C5D379C1E90941B0054DC9D /* Release */,
			);
			defaultConfigurationIsVisible = 0;
			defaultConfigurationName = Release;
		};
		3C5D379D1E90941B0054DC9D /* Build configuration list for PBXNativeTarget "CPPL3" */ = {
			isa = XCConfigurationList;
			buildConfigurations = (
				3C5D379E1E90941B0054DC9D /* Debug */,
				3C5D379F1E90941B0054DC9D /* Release */,
			);
			defaultConfigurationIsVisible = 0;
		};
/* End XCConfigurationList section */
	};
	rootObject = 3C5D378E1E90941B0054DC9D /* Project object */;
}
